
Microsoft Visual Studio Solution File, Format Version 12.00
# Visual Studio 2012
Project("{FAE04EC0-301F-11D3-BF4B-00C04F79EFBC}") = "GCApi", "GCApi.csproj", "{04DADF3C-A791-4FC9-9B85-E9D28CBAAACB}"
EndProject
Project("{FAE04EC0-301F-11D3-BF4B-00C04F79EFBC}") = "APILib_Test", "..\APILib_Test\APILib_Test.csproj", "{036D224E-863F-4896-8EB3-F37F3D6E096E}"
EndProject
Global
	GlobalSection(SolutionConfigurationPlatforms) = preSolution
		Debug|Any CPU = Debug|Any CPU
		Release|Any CPU = Release|Any CPU
	EndGlobalSection
	GlobalSection(ProjectConfigurationPlatforms) = postSolution
		{04DADF3C-A791-4FC9-9B85-E9D28CBAAACB}.Debug|Any CPU.ActiveCfg = Debug|Any CPU
		{04DADF3C-A791-4FC9-9B85-E9D28CBAAACB}.Debug|Any CPU.Build.0 = Debug|Any CPU
		{04DADF3C-A791-4FC9-9B85-E9D28CBAAACB}.Release|Any CPU.ActiveCfg = Release|Any CPU
		{04DADF3C-A791-4FC9-9B85-E9D28CBAAACB}.Release|Any CPU.Build.0 = Release|Any CPU
		{036D224E-863F-4896-8EB3-F37F3D6E096E}.Debug|Any CPU.ActiveCfg = Debug|Any CPU
		{036D224E-863F-4896-8EB3-F37F3D6E096E}.Debug|Any CPU.Build.0 = Debug|Any CPU
		{036D224E-863F-4896-8EB3-F37F3D6E096E}.Release|Any CPU.ActiveCfg = Release|Any CPU
		{036D224E-863F-4896-8EB3-F37F3D6E096E}.Release|Any CPU.Build.0 = Release|Any CPU
	EndGlobalSection
	GlobalSection(SolutionProperties) = preSolution
		HideSolutionNode = FALSE
	EndGlobalSection
EndGlobal
